lockfileVersion: '9.0'

settings:
  autoInstallPeers: true
  excludeLinksFromLockfile: false

importers:

  .:
    devDependencies:
      prettier:
        specifier: ^3.7.4
        version: 3.8.1
      turbo:
        specifier: ^2.3.0
        version: 2.8.0
      typescript:
        specifier: ^5.9.3
        version: 5.9.3

  packages/db:
    dependencies:
      '@supabase/supabase-js':
        specifier: ^2.90.1
        version: 2.93.3
    devDependencies:
      typescript:
        specifier: ^5.9.3
        version: 5.9.3

  packages/shared:
    dependencies:
      zod:
        specifier: ^3.23.8
        version: 3.25.76
    devDependencies:
      '@types/node':
        specifier: ^20.17.9
        version: 20.19.30
      typescript:
        specifier: ^5.6.3
        version: 5.9.3

packages:

  '@supabase/auth-js@2.93.3':
    resolution: {integrity: sha512-JdnkHZPKexVGSNONtu89RHU4bxz3X9kxx+f5ZnR5osoCIX+vs/MckwWRPZEybAEvlJXt5xjomDb3IB876QCxWQ==}
    engines: {node: '>=20.0.0'}

  '@supabase/functions-js@2.93.3':
    resolution: {integrity: sha512-qWO0gHNDm/5jRjROv/nv9L6sYabCWS1kzorOLUv3kqCwRvEJLYZga93ppJPrZwOgoZfXmJzvpjY8fODA4HQfBw==}
    engines: {node: '>=20.0.0'}

  '@supabase/postgrest-js@2.93.3':
    resolution: {integrity: sha512-+iJ96g94skO2e4clsRSmEXg22NUOjh9BziapsJSAvnB1grOBf/BA8vGtCHjNOA+Z6lvKXL1jwBqcL9+fS1W/Lg==}
    engines: {node: '>=20.0.0'}

  '@supabase/realtime-js@2.93.3':
    resolution: {integrity: sha512-gnYpcFzwy8IkezRP4CDbT5I8jOsiOjrWrqTY1B+7jIriXsnpifmlM6RRjLBm9oD7OwPG0/WksniGPdKW67sXOA==}
    engines: {node: '>=20.0.0'}

  '@supabase/storage-js@2.93.3':
    resolution: {integrity: sha512-cw4qXiLrx3apglDM02Tx/w/stvFlrkKocC6vCvuFAz3JtVEl1zH8MUfDQDTH59kJAQVaVdbewrMWSoBob7REnA==}
    engines: {node: '>=20.0.0'}

  '@supabase/supabase-js@2.93.3':
    resolution: {integrity: sha512-paUqEqdBI9ztr/4bbMoCgeJ6M8ZTm2fpfjSOlzarPuzYveKFM20ZfDZqUpi9CFfYagYj5Iv3m3ztUjaI9/tM1w==}
    engines: {node: '>=20.0.0'}

  '@types/node@20.19.30':
    resolution: {integrity: sha512-WJtwWJu7UdlvzEAUm484QNg5eAoq5QR08KDNx7g45Usrs2NtOPiX8ugDqmKdXkyL03rBqU5dYNYVQetEpBHq2g==}

  '@types/phoenix@1.6.7':
    resolution: {integrity: sha512-oN9ive//QSBkf19rfDv45M7eZPi0eEXylht2OLEXicu5b4KoQ1OzXIw+xDSGWxSxe1JmepRR/ZH283vsu518/Q==}

  '@types/ws@8.18.1':
    resolution: {integrity: sha512-ThVF6DCVhA8kUGy+aazFQ4kXQ7E1Ty7A3ypFOe0IcJV8O/M511G99AW24irKrW56Wt44yG9+ij8FaqoBGkuBXg==}

  iceberg-js@0.8.1:
    resolution: {integrity: sha512-1dhVQZXhcHje7798IVM+xoo/1ZdVfzOMIc8/rgVSijRK38EDqOJoGula9N/8ZI5RD8QTxNQtK/Gozpr+qUqRRA==}
    engines: {node: '>=20.0.0'}

  prettier@3.8.1:
    resolution: {integrity: sha512-UOnG6LftzbdaHZcKoPFtOcCKztrQ57WkHDeRD9t/PTQtmT0NHSeWWepj6pS0z/N7+08BHFDQVUrfmfMRcZwbMg==}
    engines: {node: '>=14'}
    hasBin: true

  tslib@2.8.1:
    resolution: {integrity: sha512-oJFu94HQb+KVduSUQL7wnpmqnfmLsOA/nAh6b6EH0wCEoK0/mPeXU6c3wKDV83MkOuHPRHtSXKKU99IBazS/2w==}

  turbo-darwin-64@2.8.0:
    resolution: {integrity: sha512-N7f4PYqz25yk8c5kituk09bJ89tE4wPPqKXgYccT6nbEQnGnrdvlyCHLyqViNObTgjjrddqjb1hmDkv7VcxE0g==}
    cpu: [x64]
    os: [darwin]

  turbo-darwin-arm64@2.8.0:
    resolution: {integrity: sha512-eVzejaP5fn51gmJAPW68U6mSjFaAZ26rPiE36mMdk+tMC4XBGmJHT/fIgrhcrXMvINCl27RF8VmguRe+MBlSuQ==}
    cpu: [arm64]
    os: [darwin]

  turbo-linux-64@2.8.0:
    resolution: {integrity: sha512-ILR45zviYae3icf4cmUISdj8X17ybNcMh3Ms4cRdJF5sS50qDDTv8qeWqO/lPeHsu6r43gVWDofbDZYVuXYL7Q==}
    cpu: [x64]
    os: [linux]

  turbo-linux-arm64@2.8.0:
    resolution: {integrity: sha512-z9pUa8ENFuHmadPfjEYMRWlXO82t1F/XBDx2XTg+cWWRZHf85FnEB6D4ForJn/GoKEEvwdPhFLzvvhOssom2ug==}
    cpu: [arm64]
    os: [linux]

  turbo-windows-64@2.8.0:
    resolution: {integrity: sha512-J6juRSRjmSErEqJCv7nVIq2DgZ2NHXqyeV8NQTFSyIvrThKiWe7FDOO6oYpuR06+C1NW82aoN4qQt4/gYvz25w==}
    cpu: [x64]
    os: [win32]

  turbo-windows-arm64@2.8.0:
    resolution: {integrity: sha512-qarBZvCu6uka35739TS+y/3CBU3zScrVAfohAkKHG+So+93Wn+5tKArs8HrO2fuTaGou8fMIeTV7V5NgzCVkSQ==}
    cpu: [arm64]
    os: [win32]

  turbo@2.8.0:
    resolution: {integrity: sha512-hYbxnLEdvJF+DLALS+Ia+PbfNtn0sDP0hH2u9AFoskSUDmcVHSrtwHpzdX94MrRJKo9D9tYxY3MyP20gnlrWyA==}
    hasBin: true

  typescript@5.9.3:
    resolution: {integrity: sha512-jl1vZzPDinLr9eUt3J/t7V6FgNEw9QjvBPdysz9KfQDD41fQrC2Y4vKQdiaUpFT4bXlb1RHhLpp8wtm6M5TgSw==}
    engines: {node: '>=14.17'}
    hasBin: true

  undici-types@6.21.0:
    resolution: {integrity: sha512-iwDZqg0QAGrg9Rav5H4n0M64c3mkR59cJ6wQp+7C4nI0gsmExaedaYLNO44eT4AtBBwjbTiGPMlt2Md0T9H9JQ==}

  ws@8.19.0:
    resolution: {integrity: sha512-blAT2mjOEIi0ZzruJfIhb3nps74PRWTCz1IjglWEEpQl5XS/UNama6u2/rjFkDDouqr4L67ry+1aGIALViWjDg==}
    engines: {node: '>=10.0.0'}
    peerDependencies:
      bufferutil: ^4.0.1
      utf-8-validate: '>=5.0.2'
    peerDependenciesMeta:
      bufferutil:
        optional: true
      utf-8-validate:
        optional: true

  zod@3.25.76:
    resolution: {integrity: sha512-gzUt/qt81nXsFGKIFcC3YnfEAx5NkunCfnDlvuBSSFS02bcXu4Lmea0AFIUwbLWxWPx3d9p8S5QoaujKcNQxcQ==}

snapshots:

  '@supabase/auth-js@2.93.3':
    dependencies:
      tslib: 2.8.1

  '@supabase/functions-js@2.93.3':
    dependencies:
      tslib: 2.8.1

  '@supabase/postgrest-js@2.93.3':
    dependencies:
      tslib: 2.8.1

  '@supabase/realtime-js@2.93.3':
    dependencies:
      '@types/phoenix': 1.6.7
      '@types/ws': 8.18.1
      tslib: 2.8.1
      ws: 8.19.0
    transitivePeerDependencies:
      - bufferutil
      - utf-8-validate

  '@supabase/storage-js@2.93.3':
    dependencies:
      iceberg-js: 0.8.1
      tslib: 2.8.1

  '@supabase/supabase-js@2.93.3':
    dependencies:
      '@supabase/auth-js': 2.93.3
      '@supabase/functions-js': 2.93.3
      '@supabase/postgrest-js': 2.93.3
      '@supabase/realtime-js': 2.93.3
      '@supabase/storage-js': 2.93.3
    transitivePeerDependencies:
      - bufferutil
      - utf-8-validate

  '@types/node@20.19.30':
    dependencies:
      undici-types: 6.21.0

  '@types/phoenix@1.6.7': {}

  '@types/ws@8.18.1':
    dependencies:
      '@types/node': 20.19.30

  iceberg-js@0.8.1: {}

  prettier@3.8.1: {}

  tslib@2.8.1: {}

  turbo-darwin-64@2.8.0:
    optional: true

  turbo-darwin-arm64@2.8.0:
    optional: true

  turbo-linux-64@2.8.0:
    optional: true

  turbo-linux-arm64@2.8.0:
    optional: true

  turbo-windows-64@2.8.0:
    optional: true

  turbo-windows-arm64@2.8.0:
    optional: true

  turbo@2.8.0:
    optionalDependencies:
      turbo-darwin-64: 2.8.0
      turbo-darwin-arm64: 2.8.0
      turbo-linux-64: 2.8.0
      turbo-linux-arm64: 2.8.0
      turbo-windows-64: 2.8.0
      turbo-windows-arm64: 2.8.0

  typescript@5.9.3: {}

  undici-types@6.21.0: {}

  ws@8.19.0: {}

  zod@3.25.76: {}
